
Microsoft Visual Studio Solution File, Format Version 12.00
# Visual Studio 15
VisualStudioVersion = 15.0.26403.7
MinimumVisualStudioVersion = 10.0.40219.1
Project("{FAE04EC0-301F-11D3-BF4B-00C04F79EFBC}") = "RazorTest.Web", "RazorTest.Web\RazorTest.Web.csproj", "{41A9A969-BACE-42DF-8128-450627F17749}"
EndProject
Project("{FAE04EC0-301F-11D3-BF4B-00C04F79EFBC}") = "RazorTest.Web2", "RazorTest.Web2\RazorTest.Web2.csproj", "{90755C37-82BB-4C88-A899-4ADA56F30CF3}"
EndProject
Project("{FAE04EC0-301F-11D3-BF4B-00C04F79EFBC}") = "PatternMatching", "PatternMatching\PatternMatching.csproj", "{BF8CB6BB-91B2-4107-90E3-D63C6056567A}"
EndProject
Project("{FAE04EC0-301F-11D3-BF4B-00C04F79EFBC}") = "AttributeRouteTest", "AttributeRouteTest\AttributeRouteTest.csproj", "{30810AE2-FBE4-4669-AA4E-5FA0236D755E}"
EndProject
Global
	GlobalSection(SolutionConfigurationPlatforms) = preSolution
		Debug|Any CPU = Debug|Any CPU
		Release|Any CPU = Release|Any CPU
	EndGlobalSection
	GlobalSection(ProjectConfigurationPlatforms) = postSolution
		{41A9A969-BACE-42DF-8128-450627F17749}.Debug|Any CPU.ActiveCfg = Debug|Any CPU
		{41A9A969-BACE-42DF-8128-450627F17749}.Debug|Any CPU.Build.0 = Debug|Any CPU
		{41A9A969-BACE-42DF-8128-450627F17749}.Release|Any CPU.ActiveCfg = Release|Any CPU
		{41A9A969-BACE-42DF-8128-450627F17749}.Release|Any CPU.Build.0 = Release|Any CPU
		{90755C37-82BB-4C88-A899-4ADA56F30CF3}.Debug|Any CPU.ActiveCfg = Debug|Any CPU
		{90755C37-82BB-4C88-A899-4ADA56F30CF3}.Debug|Any CPU.Build.0 = Debug|Any CPU
		{90755C37-82BB-4C88-A899-4ADA56F30CF3}.Release|Any CPU.ActiveCfg = Release|Any CPU
		{90755C37-82BB-4C88-A899-4ADA56F30CF3}.Release|Any CPU.Build.0 = Release|Any CPU
		{BF8CB6BB-91B2-4107-90E3-D63C6056567A}.Debug|Any CPU.ActiveCfg = Debug|Any CPU
		{BF8CB6BB-91B2-4107-90E3-D63C6056567A}.Debug|Any CPU.Build.0 = Debug|Any CPU
		{BF8CB6BB-91B2-4107-90E3-D63C6056567A}.Release|Any CPU.ActiveCfg = Release|Any CPU
		{BF8CB6BB-91B2-4107-90E3-D63C6056567A}.Release|Any CPU.Build.0 = Release|Any CPU
		{30810AE2-FBE4-4669-AA4E-5FA0236D755E}.Debug|Any CPU.ActiveCfg = Debug|Any CPU
		{30810AE2-FBE4-4669-AA4E-5FA0236D755E}.Debug|Any CPU.Build.0 = Debug|Any CPU
		{30810AE2-FBE4-4669-AA4E-5FA0236D755E}.Release|Any CPU.ActiveCfg = Release|Any CPU
		{30810AE2-FBE4-4669-AA4E-5FA0236D755E}.Release|Any CPU.Build.0 = Release|Any CPU
	EndGlobalSection
	GlobalSection(SolutionProperties) = preSolution
		HideSolutionNode = FALSE
	EndGlobalSection
EndGlobal
